
Microsoft Visual Studio Solution File, Format Version 12.00
# Visual Studio 15
VisualStudioVersion = 15.0.26730.16
MinimumVisualStudioVersion = 10.0.40219.1
Project("{FAE04EC0-301F-11D3-BF4B-00C04F79EFBC}") = "csharp-handling-data-types", "csharp-handling-data-types.csproj", "{5635029F-1884-44A9-9B40-CAACC0E43F24}"
EndProject
Global
	GlobalSection(SolutionConfigurationPlatforms) = preSolution
		Debug|Any CPU = Debug|Any CPU
		Release|Any CPU = Release|Any CPU
	EndGlobalSection
	GlobalSection(ProjectConfigurationPlatforms) = postSolution
		{5635029F-1884-44A9-9B40-CAACC0E43F24}.Debug|Any CPU.ActiveCfg = Debug|Any CPU
		{5635029F-1884-44A9-9B40-CAACC0E43F24}.Debug|Any CPU.Build.0 = Debug|Any CPU
		{5635029F-1884-44A9-9B40-CAACC0E43F24}.Release|Any CPU.ActiveCfg = Release|Any CPU
		{5635029F-1884-44A9-9B40-CAACC0E43F24}.Release|Any CPU.Build.0 = Release|Any CPU
	EndGlobalSection
	GlobalSection(SolutionProperties) = preSolution
		HideSolutionNode = FALSE
	EndGlobalSection
	GlobalSection(ExtensibilityGlobals) = postSolution
		SolutionGuid = {47567277-2395-488F-8D84-A6E2736A0722}
	EndGlobalSection
EndGlobal
